
Microsoft Visual Studio Solution File, Format Version 12.00
# Visual Studio Version 16
VisualStudioVersion = 16.0.31911.196
MinimumVisualStudioVersion = 10.0.40219.1
Project("{FAE04EC0-301F-11D3-BF4B-00C04F79EFBC}") = "RBS.Auth.WebApi", "RBS.Auth.WebApi\RBS.Auth.WebApi.csproj", "{7E71410E-B9D1-4AFA-B413-B89431A7E2D6}"
EndProject
Project("{FAE04EC0-301F-11D3-BF4B-00C04F79EFBC}") = "RBS.Auth.Common", "RBS.Auth.Common\RBS.Auth.Common.csproj", "{F8837395-57C6-433D-BC4D-52FA6ABD62D0}"
EndProject
Project("{FAE04EC0-301F-11D3-BF4B-00C04F79EFBC}") = "RBS.Auth.Services", "RBS.Auth.Services\RBS.Auth.Services.csproj", "{4421DCFA-DE00-4392-B3E1-A0F6072E8F07}"
EndProject
Global
	GlobalSection(SolutionConfigurationPlatforms) = preSolution
		Debug|Any CPU = Debug|Any CPU
		Release|Any CPU = Release|Any CPU
	EndGlobalSection
	GlobalSection(ProjectConfigurationPlatforms) = postSolution
		{7E71410E-B9D1-4AFA-B413-B89431A7E2D6}.Debug|Any CPU.ActiveCfg = Debug|Any CPU
		{7E71410E-B9D1-4AFA-B413-B89431A7E2D6}.Debug|Any CPU.Build.0 = Debug|Any CPU
		{7E71410E-B9D1-4AFA-B413-B89431A7E2D6}.Release|Any CPU.ActiveCfg = Release|Any CPU
		{7E71410E-B9D1-4AFA-B413-B89431A7E2D6}.Release|Any CPU.Build.0 = Release|Any CPU
		{F8837395-57C6-433D-BC4D-52FA6ABD62D0}.Debug|Any CPU.ActiveCfg = Debug|Any CPU
		{F8837395-57C6-433D-BC4D-52FA6ABD62D0}.Debug|Any CPU.Build.0 = Debug|Any CPU
		{F8837395-57C6-433D-BC4D-52FA6ABD62D0}.Release|Any CPU.ActiveCfg = Release|Any CPU
		{F8837395-57C6-433D-BC4D-52FA6ABD62D0}.Release|Any CPU.Build.0 = Release|Any CPU
		{4421DCFA-DE00-4392-B3E1-A0F6072E8F07}.Debug|Any CPU.ActiveCfg = Debug|Any CPU
		{4421DCFA-DE00-4392-B3E1-A0F6072E8F07}.Debug|Any CPU.Build.0 = Debug|Any CPU
		{4421DCFA-DE00-4392-B3E1-A0F6072E8F07}.Release|Any CPU.ActiveCfg = Release|Any CPU
		{4421DCFA-DE00-4392-B3E1-A0F6072E8F07}.Release|Any CPU.Build.0 = Release|Any CPU
	EndGlobalSection
	GlobalSection(SolutionProperties) = preSolution
		HideSolutionNode = FALSE
	EndGlobalSection
	GlobalSection(ExtensibilityGlobals) = postSolution
		SolutionGuid = {283D8E96-61FE-41E3-B9F0-00613CCA8777}
	EndGlobalSection
EndGlobal
